{
  "requires": true,
  "lockfileVersion": 1,
  "dependencies": {
    "coc-json": {
      "version": "1.3.4"
    },
    "coc-tsserver": {
      "version": "1.7.0",
      "resolved": "https://registry.npmjs.org/coc-tsserver/-/coc-tsserver-1.7.0.tgz",
      "integrity": "sha512-Kye0Bn4ifhNhKFcenXg0z8iNzkBGOCXCb552sY/L55+4+08WU02impRnuYkEwFo2QAjDrRQNYjUfUabRR4LC+A==",
      "requires": {
        "typescript": "^4.1.3"
      }
    },
    "typescript": {
      "version": "4.2.4",
      "resolved": "https://registry.npmjs.org/typescript/-/typescript-4.2.4.tgz",
      "integrity": "sha512-V+evlYHZnQkaz8TRBuxTA92yZBPotr5H+WhQ7bD3hZUndx5tGOa1fuCgeSjxAzM1RiN5IzvadIXTVefuuwZCRg=="
    }
  }
}
